// !$*UTF8*$!
{
	archiveVersion = 1;
	classes = {
	};
	objectVersion = 56;
	objects = {

/* Begin PBXBuildFile section */
		311F84CE2B528D920035134F /* SPOTApp.swift in Sources */ = {isa = PBXBuildFile; fileRef = 311F84CD2B528D920035134F /* SPOTApp.swift */; };
		311F84D02B528D920035134F /* ContentView.swift in Sources */ = {isa = PBXBuildFile; fileRef = 311F84CF2B528D920035134F /* ContentView.swift */; };
		311F84D22B528D950035134F /* Assets.xcassets in Resources */ = {isa = PBXBuildFile; fileRef = 311F84D12B528D950035134F /* Assets.xcassets */; };
		311F84D62B528D950035134F /* Preview Assets.xcassets in Resources */ = {isa = PBXBuildFile; fileRef = 311F84D52B528D950035134F /* Preview Assets.xcassets */; };
		311F84E02B528D950035134F /* SPOTTests.swift in Sources */ = {isa = PBXBuildFile; fileRef = 311F84DF2B528D950035134F /* SPOTTests.swift */; };
		6911E90F2B6C75C9005F02AB /* RunningDataAccess in Frameworks */ = {isa = PBXBuildFile; productRef = 6911E90E2B6C75C9005F02AB /* RunningDataAccess */; };
		6911E9132B6C7600005F02AB /* CompositionRoot.swift in Sources */ = {isa = PBXBuildFile; fileRef = 6911E9122B6C7600005F02AB /* CompositionRoot.swift */; };
		6911E9172B6CD028005F02AB /* LocationFeature in Frameworks */ = {isa = PBXBuildFile; productRef = 6911E9162B6CD028005F02AB /* LocationFeature */; };
		6911E9192B6CD028005F02AB /* Root in Frameworks */ = {isa = PBXBuildFile; productRef = 6911E9182B6CD028005F02AB /* Root */; };
		6911E91B2B70BF20005F02AB /* RunningFeature in Frameworks */ = {isa = PBXBuildFile; productRef = 6911E91A2B70BF20005F02AB /* RunningFeature */; };
		6911E91D2B70D623005F02AB /* Usecase in Frameworks */ = {isa = PBXBuildFile; productRef = 6911E91C2B70D623005F02AB /* Usecase */; };
		6911E91F2B70D717005F02AB /* Controller in Frameworks */ = {isa = PBXBuildFile; productRef = 6911E91E2B70D717005F02AB /* Controller */; };
/* End PBXBuildFile section */

/* Begin PBXContainerItemProxy section */
		311F84DC2B528D950035134F /* PBXContainerItemProxy */ = {
			isa = PBXContainerItemProxy;
			containerPortal = 311F84C22B528D920035134F /* Project object */;
			proxyType = 1;
			remoteGlobalIDString = 311F84C92B528D920035134F;
			remoteInfo = SPOT;
		};
/* End PBXContainerItemProxy section */

/* Begin PBXFileReference section */
		311F84CA2B528D920035134F /* SPOT.app */ = {isa = PBXFileReference; explicitFileType = wrapper.application; includeInIndex = 0; path = SPOT.app; sourceTree = BUILT_PRODUCTS_DIR; };
		311F84CD2B528D920035134F /* SPOTApp.swift */ = {isa = PBXFileReference; lastKnownFileType = sourcecode.swift; path = SPOTApp.swift; sourceTree = "<group>"; };
		311F84CF2B528D920035134F /* ContentView.swift */ = {isa = PBXFileReference; lastKnownFileType = sourcecode.swift; path = ContentView.swift; sourceTree = "<group>"; };
		311F84D12B528D950035134F /* Assets.xcassets */ = {isa = PBXFileReference; lastKnownFileType = folder.assetcatalog; path = Assets.xcassets; sourceTree = "<group>"; };
		311F84D32B528D950035134F /* SPOT.entitlements */ = {isa = PBXFileReference; lastKnownFileType = text.plist.entitlements; path = SPOT.entitlements; sourceTree = "<group>"; };
		311F84D52B528D950035134F /* Preview Assets.xcassets */ = {isa = PBXFileReference; lastKnownFileType = folder.assetcatalog; path = "Preview Assets.xcassets"; sourceTree = "<group>"; };
		311F84DB2B528D950035134F /* SPOTTests.xctest */ = {isa = PBXFileReference; explicitFileType = wrapper.cfbundle; includeInIndex = 0; path = SPOTTests.xctest; sourceTree = BUILT_PRODUCTS_DIR; };
		311F84DF2B528D950035134F /* SPOTTests.swift */ = {isa = PBXFileReference; lastKnownFileType = sourcecode.swift; path = SPOTTests.swift; sourceTree = "<group>"; };
		311F84F82B5291000035134F /* SPOTTests.xctestplan */ = {isa = PBXFileReference; lastKnownFileType = text; path = SPOTTests.xctestplan; sourceTree = "<group>"; };
		311F84FD2B52B69C0035134F /* Domain */ = {isa = PBXFileReference; lastKnownFileType = wrapper; path = Domain; sourceTree = "<group>"; };
		311F84FE2B52B6B10035134F /* Presentation */ = {isa = PBXFileReference; lastKnownFileType = wrapper; path = Presentation; sourceTree = "<group>"; };
		311F84FF2B52B6C70035134F /* DataAccess */ = {isa = PBXFileReference; lastKnownFileType = wrapper; path = DataAccess; sourceTree = "<group>"; };
		311F85002B52B6D40035134F /* Proxy */ = {isa = PBXFileReference; lastKnownFileType = wrapper; path = Proxy; sourceTree = "<group>"; };
		6911E9122B6C7600005F02AB /* CompositionRoot.swift */ = {isa = PBXFileReference; lastKnownFileType = sourcecode.swift; path = CompositionRoot.swift; sourceTree = "<group>"; };
		6911E9202B724B5D005F02AB /* Info.plist */ = {isa = PBXFileReference; lastKnownFileType = text.plist; path = Info.plist; sourceTree = "<group>"; };
/* End PBXFileReference section */

/* Begin PBXFrameworksBuildPhase section */
		311F84C72B528D920035134F /* Frameworks */ = {
			isa = PBXFrameworksBuildPhase;
			buildActionMask = 2147483647;
			files = (
				6911E9172B6CD028005F02AB /* LocationFeature in Frameworks */,
				6911E9192B6CD028005F02AB /* Root in Frameworks */,
				6911E91F2B70D717005F02AB /* Controller in Frameworks */,
				6911E90F2B6C75C9005F02AB /* RunningDataAccess in Frameworks */,
				6911E91D2B70D623005F02AB /* Usecase in Frameworks */,
				6911E91B2B70BF20005F02AB /* RunningFeature in Frameworks */,
			);
			runOnlyForDeploymentPostprocessing = 0;
		};
		311F84D82B528D950035134F /* Frameworks */ = {
			isa = PBXFrameworksBuildPhase;
			buildActionMask = 2147483647;
			files = (
			);
			runOnlyForDeploymentPostprocessing = 0;
		};
/* End PBXFrameworksBuildPhase section */

/* Begin PBXGroup section */
		311F84C12B528D920035134F = {
			isa = PBXGroup;
			children = (
				311F85002B52B6D40035134F /* Proxy */,
				311F84FF2B52B6C70035134F /* DataAccess */,
				311F84FE2B52B6B10035134F /* Presentation */,
				311F84FD2B52B69C0035134F /* Domain */,
				311F84F82B5291000035134F /* SPOTTests.xctestplan */,
				311F84CC2B528D920035134F /* SPOT */,
				311F84DE2B528D950035134F /* SPOTTests */,
				311F84CB2B528D920035134F /* Products */,
				6911E90D2B6C75C9005F02AB /* Frameworks */,
			);
			sourceTree = "<group>";
		};
		311F84CB2B528D920035134F /* Products */ = {
			isa = PBXGroup;
			children = (
				311F84CA2B528D920035134F /* SPOT.app */,
				311F84DB2B528D950035134F /* SPOTTests.xctest */,
			);
			name = Products;
			sourceTree = "<group>";
		};
		311F84CC2B528D920035134F /* SPOT */ = {
			isa = PBXGroup;
			children = (
				6911E9202B724B5D005F02AB /* Info.plist */,
				6911E90C2B6B9834005F02AB /* Composition */,
				6911E90A2B6B74B2005F02AB /* iOS */,
				311F84D12B528D950035134F /* Assets.xcassets */,
				311F84D32B528D950035134F /* SPOT.entitlements */,
				311F84D42B528D950035134F /* Preview Content */,
			);
			path = SPOT;
			sourceTree = "<group>";
		};
		311F84D42B528D950035134F /* Preview Content */ = {
			isa = PBXGroup;
			children = (
				311F84D52B528D950035134F /* Preview Assets.xcassets */,
			);
			path = "Preview Content";
			sourceTree = "<group>";
		};
		311F84DE2B528D950035134F /* SPOTTests */ = {
			isa = PBXGroup;
			children = (
				311F84DF2B528D950035134F /* SPOTTests.swift */,
			);
			path = SPOTTests;
			sourceTree = "<group>";
		};
		6911E90A2B6B74B2005F02AB /* iOS */ = {
			isa = PBXGroup;
			children = (
				311F84CD2B528D920035134F /* SPOTApp.swift */,
				311F84CF2B528D920035134F /* ContentView.swift */,
			);
			path = iOS;
			sourceTree = "<group>";
		};
		6911E90C2B6B9834005F02AB /* Composition */ = {
			isa = PBXGroup;
			children = (
				6911E9122B6C7600005F02AB /* CompositionRoot.swift */,
			);
			path = Composition;
			sourceTree = "<group>";
		};
		6911E90D2B6C75C9005F02AB /* Frameworks */ = {
			isa = PBXGroup;
			children = (
			);
			name = Frameworks;
			sourceTree = "<group>";
		};
/* End PBXGroup section */

/* Begin PBXNativeTarget section */
		311F84C92B528D920035134F /* SPOT */ = {
			isa = PBXNativeTarget;
			buildConfigurationList = 311F84EF2B528D950035134F /* Build configuration list for PBXNativeTarget "SPOT" */;
			buildPhases = (
				311F84C62B528D920035134F /* Sources */,
				311F84C72B528D920035134F /* Frameworks */,
				311F84C82B528D920035134F /* Resources */,
			);
			buildRules = (
			);
			dependencies = (
			);
			name = SPOT;
			packageProductDependencies = (
				6911E90E2B6C75C9005F02AB /* RunningDataAccess */,
				6911E9162B6CD028005F02AB /* LocationFeature */,
				6911E9182B6CD028005F02AB /* Root */,
				6911E91A2B70BF20005F02AB /* RunningFeature */,
				6911E91C2B70D623005F02AB /* Usecase */,
				6911E91E2B70D717005F02AB /* Controller */,
			);
			productName = SPOT;
			productReference = 311F84CA2B528D920035134F /* SPOT.app */;
			productType = "com.apple.product-type.application";
		};
		311F84DA2B528D950035134F /* SPOTTests */ = {
			isa = PBXNativeTarget;
			buildConfigurationList = 311F84F22B528D950035134F /* Build configuration list for PBXNativeTarget "SPOTTests" */;
			buildPhases = (
				311F84D72B528D950035134F /* Sources */,
				311F84D82B528D950035134F /* Frameworks */,
				311F84D92B528D950035134F /* Resources */,
			);
			buildRules = (
			);
			dependencies = (
				311F84DD2B528D950035134F /* PBXTargetDependency */,
			);
			name = SPOTTests;
			productName = SPOTTests;
			productReference = 311F84DB2B528D950035134F /* SPOTTests.xctest */;
			productType = "com.apple.product-type.bundle.unit-test";
		};
/* End PBXNativeTarget section */

/* Begin PBXProject section */
		311F84C22B528D920035134F /* Project object */ = {
			isa = PBXProject;
			attributes = {
				BuildIndependentTargetsInParallel = 1;
				LastSwiftUpdateCheck = 1520;
				LastUpgradeCheck = 1520;
				TargetAttributes = {
					311F84C92B528D920035134F = {
						CreatedOnToolsVersion = 15.2;
					};
					311F84DA2B528D950035134F = {
						CreatedOnToolsVersion = 15.2;
						TestTargetID = 311F84C92B528D920035134F;
					};
				};
			};
			buildConfigurationList = 311F84C52B528D920035134F /* Build configuration list for PBXProject "SPOT" */;
			compatibilityVersion = "Xcode 14.0";
			developmentRegion = ko;
			hasScannedForEncodings = 0;
			knownRegions = (
				en,
				ko,
				Base,
			);
			mainGroup = 311F84C12B528D920035134F;
			productRefGroup = 311F84CB2B528D920035134F /* Products */;
			projectDirPath = "";
			projectRoot = "";
			targets = (
				311F84C92B528D920035134F /* SPOT */,
				311F84DA2B528D950035134F /* SPOTTests */,
			);
		};
/* End PBXProject section */

/* Begin PBXResourcesBuildPhase section */
		311F84C82B528D920035134F /* Resources */ = {
			isa = PBXResourcesBuildPhase;
			buildActionMask = 2147483647;
			files = (
				311F84D62B528D950035134F /* Preview Assets.xcassets in Resources */,
				311F84D22B528D950035134F /* Assets.xcassets in Resources */,
			);
			runOnlyForDeploymentPostprocessing = 0;
		};
		311F84D92B528D950035134F /* Resources */ = {
			isa = PBXResourcesBuildPhase;
			buildActionMask = 2147483647;
			files = (
			);
			runOnlyForDeploymentPostprocessing = 0;
		};
/* End PBXResourcesBuildPhase section */

/* Begin PBXSourcesBuildPhase section */
		311F84C62B528D920035134F /* Sources */ = {
			isa = PBXSourcesBuildPhase;
			buildActionMask = 2147483647;
			files = (
				311F84D02B528D920035134F /* ContentView.swift in Sources */,
				6911E9132B6C7600005F02AB /* CompositionRoot.swift in Sources */,
				311F84CE2B528D920035134F /* SPOTApp.swift in Sources */,
			);
			runOnlyForDeploymentPostprocessing = 0;
		};
		311F84D72B528D950035134F /* Sources */ = {
			isa = PBXSourcesBuildPhase;
			buildActionMask = 2147483647;
			files = (
				311F84E02B528D950035134F /* SPOTTests.swift in Sources */,
			);
			runOnlyForDeploymentPostprocessing = 0;
		};
/* End PBXSourcesBuildPhase section */

/* Begin PBXTargetDependency section */
		311F84DD2B528D950035134F /* PBXTargetDependency */ = {
			isa = PBXTargetDependency;
			target = 311F84C92B528D920035134F /* SPOT */;
			targetProxy = 311F84DC2B528D950035134F /* PBXContainerItemProxy */;
		};
/* End PBXTargetDependency section */

/* Begin XCBuildConfiguration section */
		311F84ED2B528D950035134F /* Debug */ = {
			isa = XCBuildConfiguration;
			buildSettings = {
				ALWAYS_SEARCH_USER_PATHS = NO;
				ASSETCATALOG_COMPILER_GENERATE_SWIFT_ASSET_SYMBOL_EXTENSIONS = YES;
				CLANG_ANALYZER_NONNULL = YES;
				CLANG_ANALYZER_NUMBER_OBJECT_CONVERSION = YES_AGGRESSIVE;
				CLANG_CXX_LANGUAGE_STANDARD = "gnu++20";
				CLANG_ENABLE_MODULES = YES;
				CLANG_ENABLE_OBJC_ARC = YES;
				CLANG_ENABLE_OBJC_WEAK = YES;
				CLANG_WARN_BLOCK_CAPTURE_AUTORELEASING = YES;
				CLANG_WARN_BOOL_CONVERSION = YES;
				CLANG_WARN_COMMA = YES;
				CLANG_WARN_CONSTANT_CONVERSION = YES;
				CLANG_WARN_DEPRECATED_OBJC_IMPLEMENTATIONS = YES;
				CLANG_WARN_DIRECT_OBJC_ISA_USAGE = YES_ERROR;
				CLANG_WARN_DOCUMENTATION_COMMENTS = YES;
				CLANG_WARN_EMPTY_BODY = YES;
				CLANG_WARN_ENUM_CONVERSION = YES;
				CLANG_WARN_INFINITE_RECURSION = YES;
				CLANG_WARN_INT_CONVERSION = YES;
				CLANG_WARN_NON_LITERAL_NULL_CONVERSION = YES;
				CLANG_WARN_OBJC_IMPLICIT_RETAIN_SELF = YES;
				CLANG_WARN_OBJC_LITERAL_CONVERSION = YES;
				CLANG_WARN_OBJC_ROOT_CLASS = YES_ERROR;
				CLANG_WARN_QUOTED_INCLUDE_IN_FRAMEWORK_HEADER = YES;
				CLANG_WARN_RANGE_LOOP_ANALYSIS = YES;
				CLANG_WARN_STRICT_PROTOTYPES = YES;
				CLANG_WARN_SUSPICIOUS_MOVE = YES;
				CLANG_WARN_UNGUARDED_AVAILABILITY = YES_AGGRESSIVE;
				CLANG_WARN_UNREACHABLE_CODE = YES;
				CLANG_WARN__DUPLICATE_METHOD_MATCH = YES;
				COPY_PHASE_STRIP = NO;
				DEBUG_INFORMATION_FORMAT = dwarf;
				ENABLE_STRICT_OBJC_MSGSEND = YES;
				ENABLE_TESTABILITY = YES;
				ENABLE_USER_SCRIPT_SANDBOXING = YES;
				GCC_C_LANGUAGE_STANDARD = gnu17;
				GCC_DYNAMIC_NO_PIC = NO;
				GCC_NO_COMMON_BLOCKS = YES;
				GCC_OPTIMIZATION_LEVEL = 0;
				GCC_PREPROCESSOR_DEFINITIONS = (
					"DEBUG=1",
					"$(inherited)",
				);
				GCC_WARN_64_TO_32_BIT_CONVERSION = YES;
				GCC_WARN_ABOUT_RETURN_TYPE = YES_ERROR;
				GCC_WARN_UNDECLARED_SELECTOR = YES;
				GCC_WARN_UNINITIALIZED_AUTOS = YES_AGGRESSIVE;
				GCC_WARN_UNUSED_FUNCTION = YES;
				GCC_WARN_UNUSED_VARIABLE = YES;
				IPHONEOS_DEPLOYMENT_TARGET = 17.0;
				LOCALIZATION_PREFERS_STRING_CATALOGS = YES;
				MTL_ENABLE_DEBUG_INFO = INCLUDE_SOURCE;
				MTL_FAST_MATH = YES;
				ONLY_ACTIVE_ARCH = YES;
				SWIFT_ACTIVE_COMPILATION_CONDITIONS = "DEBUG $(inherited)";
				SWIFT_OPTIMIZATION_LEVEL = "-Onone";
			};
			name = Debug;
		};
		311F84EE2B528D950035134F /* Release */ = {
			isa = XCBuildConfiguration;
			buildSettings = {
				ALWAYS_SEARCH_USER_PATHS = NO;
				ASSETCATALOG_COMPILER_GENERATE_SWIFT_ASSET_SYMBOL_EXTENSIONS = YES;
				CLANG_ANALYZER_NONNULL = YES;
				CLANG_ANALYZER_NUMBER_OBJECT_CONVERSION = YES_AGGRESSIVE;
				CLANG_CXX_LANGUAGE_STANDARD = "gnu++20";
				CLANG_ENABLE_MODULES = YES;
				CLANG_ENABLE_OBJC_ARC = YES;
				CLANG_ENABLE_OBJC_WEAK = YES;
				CLANG_WARN_BLOCK_CAPTURE_AUTORELEASING = YES;
				CLANG_WARN_BOOL_CONVERSION = YES;
				CLANG_WARN_COMMA = YES;
				CLANG_WARN_CONSTANT_CONVERSION = YES;
				CLANG_WARN_DEPRECATED_OBJC_IMPLEMENTATIONS = YES;
				CLANG_WARN_DIRECT_OBJC_ISA_USAGE = YES_ERROR;
				CLANG_WARN_DOCUMENTATION_COMMENTS = YES;
				CLANG_WARN_EMPTY_BODY = YES;
				CLANG_WARN_ENUM_CONVERSION = YES;
				CLANG_WARN_INFINITE_RECURSION = YES;
				CLANG_WARN_INT_CONVERSION = YES;
				CLANG_WARN_NON_LITERAL_NULL_CONVERSION = YES;
				CLANG_WARN_OBJC_IMPLICIT_RETAIN_SELF = YES;
				CLANG_WARN_OBJC_LITERAL_CONVERSION = YES;
				CLANG_WARN_OBJC_ROOT_CLASS = YES_ERROR;
				CLANG_WARN_QUOTED_INCLUDE_IN_FRAMEWORK_HEADER = YES;
				CLANG_WARN_RANGE_LOOP_ANALYSIS = YES;
				CLANG_WARN_STRICT_PROTOTYPES = YES;
				CLANG_WARN_SUSPICIOUS_MOVE = YES;
				CLANG_WARN_UNGUARDED_AVAILABILITY = YES_AGGRESSIVE;
				CLANG_WARN_UNREACHABLE_CODE = YES;
				CLANG_WARN__DUPLICATE_METHOD_MATCH = YES;
				COPY_PHASE_STRIP = NO;
				DEBUG_INFORMATION_FORMAT = "dwarf-with-dsym";
				ENABLE_NS_ASSERTIONS = NO;
				ENABLE_STRICT_OBJC_MSGSEND = YES;
				ENABLE_USER_SCRIPT_SANDBOXING = YES;
				GCC_C_LANGUAGE_STANDARD = gnu17;
				GCC_NO_COMMON_BLOCKS = YES;
				GCC_WARN_64_TO_32_BIT_CONVERSION = YES;
				GCC_WARN_ABOUT_RETURN_TYPE = YES_ERROR;
				GCC_WARN_UNDECLARED_SELECTOR = YES;
				GCC_WARN_UNINITIALIZED_AUTOS = YES_AGGRESSIVE;
				GCC_WARN_UNUSED_FUNCTION = YES;
				GCC_WARN_UNUSED_VARIABLE = YES;
				IPHONEOS_DEPLOYMENT_TARGET = 17.0;
				LOCALIZATION_PREFERS_STRING_CATALOGS = YES;
				MTL_ENABLE_DEBUG_INFO = NO;
				MTL_FAST_MATH = YES;
				SWIFT_COMPILATION_MODE = wholemodule;
			};
			name = Release;
		};
		311F84F02B528D950035134F /* Debug */ = {
			isa = XCBuildConfiguration;
			buildSettings = {
				ASSETCATALOG_COMPILER_APPICON_NAME = AppIcon;
				ASSETCATALOG_COMPILER_GLOBAL_ACCENT_COLOR_NAME = AccentColor;
				CODE_SIGN_ENTITLEMENTS = SPOT/SPOT.entitlements;
				CODE_SIGN_STYLE = Automatic;
				CURRENT_PROJECT_VERSION = 1;
				DEVELOPMENT_ASSET_PATHS = "\"SPOT/Preview Content\"";
				DEVELOPMENT_TEAM = 8G43M5CX79;
				ENABLE_HARDENED_RUNTIME = YES;
				ENABLE_PREVIEWS = YES;
				GENERATE_INFOPLIST_FILE = YES;
				INFOPLIST_FILE = SPOT/Info.plist;
				INFOPLIST_KEY_NSLocationAlwaysAndWhenInUseUsageDescription = "사용자 위치 권한 허용";
				INFOPLIST_KEY_NSLocationWhenInUseUsageDescription = "사용자 위치 권한 허용";
				"INFOPLIST_KEY_UIApplicationSceneManifest_Generation[sdk=iphoneos*]" = YES;
				"INFOPLIST_KEY_UIApplicationSceneManifest_Generation[sdk=iphonesimulator*]" = YES;
				"INFOPLIST_KEY_UIApplicationSupportsIndirectInputEvents[sdk=iphoneos*]" = YES;
				"INFOPLIST_KEY_UIApplicationSupportsIndirectInputEvents[sdk=iphonesimulator*]" = YES;
				"INFOPLIST_KEY_UILaunchScreen_Generation[sdk=iphoneos*]" = YES;
				"INFOPLIST_KEY_UILaunchScreen_Generation[sdk=iphonesimulator*]" = YES;
				"INFOPLIST_KEY_UIStatusBarStyle[sdk=iphoneos*]" = UIStatusBarStyleDefault;
				"INFOPLIST_KEY_UIStatusBarStyle[sdk=iphonesimulator*]" = UIStatusBarStyleDefault;
				INFOPLIST_KEY_UISupportedInterfaceOrientations = UIInterfaceOrientationPortrait;
				INFOPLIST_KEY_UISupportedInterfaceOrientations_iPad = "UIInterfaceOrientationLandscapeLeft UIInterfaceOrientationLandscapeRight UIInterfaceOrientationPortrait UIInterfaceOrientationPortraitUpsideDown";
				IPHONEOS_DEPLOYMENT_TARGET = 17.0;
				LD_RUNPATH_SEARCH_PATHS = "@executable_path/Frameworks";
				"LD_RUNPATH_SEARCH_PATHS[sdk=macosx*]" = "@executable_path/../Frameworks";
				MACOSX_DEPLOYMENT_TARGET = 14.2;
				MARKETING_VERSION = 1.0;
				PRODUCT_BUNDLE_IDENTIFIER = com.qutipia.SPOT;
				PRODUCT_NAME = "$(TARGET_NAME)";
				SDKROOT = auto;
				SUPPORTED_PLATFORMS = "iphoneos iphonesimulator";
				SUPPORTS_MACCATALYST = NO;
				SWIFT_EMIT_LOC_STRINGS = YES;
				SWIFT_VERSION = 5.0;
				TARGETED_DEVICE_FAMILY = 1;
			};
			name = Debug;
		};
		311F84F12B528D950035134F /* Release */ = {
			isa = XCBuildConfiguration;
			buildSettings = {
				ASSETCATALOG_COMPILER_APPICON_NAME = AppIcon;
				ASSETCATALOG_COMPILER_GLOBAL_ACCENT_COLOR_NAME = AccentColor;
				CODE_SIGN_ENTITLEMENTS = SPOT/SPOT.entitlements;
				CODE_SIGN_STYLE = Automatic;
				CURRENT_PROJECT_VERSION = 1;
				DEVELOPMENT_ASSET_PATHS = "\"SPOT/Preview Content\"";
				DEVELOPMENT_TEAM = 8G43M5CX79;
				ENABLE_HARDENED_RUNTIME = YES;
				ENABLE_PREVIEWS = YES;
				GENERATE_INFOPLIST_FILE = YES;
				INFOPLIST_FILE = SPOT/Info.plist;
				INFOPLIST_KEY_NSLocationAlwaysAndWhenInUseUsageDescription = "사용자 위치 권한 허용";
				INFOPLIST_KEY_NSLocationWhenInUseUsageDescription = "사용자 위치 권한 허용";
				"INFOPLIST_KEY_UIApplicationSceneManifest_Generation[sdk=iphoneos*]" = YES;
				"INFOPLIST_KEY_UIApplicationSceneManifest_Generation[sdk=iphonesimulator*]" = YES;
				"INFOPLIST_KEY_UIApplicationSupportsIndirectInputEvents[sdk=iphoneos*]" = YES;
				"INFOPLIST_KEY_UIApplicationSupportsIndirectInputEvents[sdk=iphonesimulator*]" = YES;
				"INFOPLIST_KEY_UILaunchScreen_Generation[sdk=iphoneos*]" = YES;
				"INFOPLIST_KEY_UILaunchScreen_Generation[sdk=iphonesimulator*]" = YES;
				"INFOPLIST_KEY_UIStatusBarStyle[sdk=iphoneos*]" = UIStatusBarStyleDefault;
				"INFOPLIST_KEY_UIStatusBarStyle[sdk=iphonesimulator*]" = UIStatusBarStyleDefault;
				INFOPLIST_KEY_UISupportedInterfaceOrientations = UIInterfaceOrientationPortrait;
				INFOPLIST_KEY_UISupportedInterfaceOrientations_iPad = "UIInterfaceOrientationLandscapeLeft UIInterfaceOrientationLandscapeRight UIInterfaceOrientationPortrait UIInterfaceOrientationPortraitUpsideDown";
				IPHONEOS_DEPLOYMENT_TARGET = 17.0;
				LD_RUNPATH_SEARCH_PATHS = "@executable_path/Frameworks";
				"LD_RUNPATH_SEARCH_PATHS[sdk=macosx*]" = "@executable_path/../Frameworks";
				MACOSX_DEPLOYMENT_TARGET = 14.2;
				MARKETING_VERSION = 1.0;
				PRODUCT_BUNDLE_IDENTIFIER = com.qutipia.SPOT;
				PRODUCT_NAME = "$(TARGET_NAME)";
				SDKROOT = auto;
				SUPPORTED_PLATFORMS = "iphoneos iphonesimulator";
				SUPPORTS_MACCATALYST = NO;
				SWIFT_EMIT_LOC_STRINGS = YES;
				SWIFT_VERSION = 5.0;
				TARGETED_DEVICE_FAMILY = 1;
			};
			name = Release;
		};
		311F84F32B528D950035134F /* Debug */ = {
			isa = XCBuildConfiguration;
			buildSettings = {
				ALWAYS_EMBED_SWIFT_STANDARD_LIBRARIES = YES;
				BUNDLE_LOADER = "$(TEST_HOST)";
				CODE_SIGN_STYLE = Automatic;
				CURRENT_PROJECT_VERSION = 1;
				DEVELOPMENT_TEAM = 8G43M5CX79;
				GENERATE_INFOPLIST_FILE = YES;
				IPHONEOS_DEPLOYMENT_TARGET = 17.0;
				MACOSX_DEPLOYMENT_TARGET = 14.2;
				MARKETING_VERSION = 1.0;
				PRODUCT_BUNDLE_IDENTIFIER = com.qutipia.SPOTTests;
				PRODUCT_NAME = "$(TARGET_NAME)";
				SDKROOT = auto;
				SUPPORTED_PLATFORMS = "iphoneos iphonesimulator macosx";
				SWIFT_EMIT_LOC_STRINGS = NO;
				SWIFT_VERSION = 5.0;
				TARGETED_DEVICE_FAMILY = "1,2";
				TEST_HOST = "$(BUILT_PRODUCTS_DIR)/SPOT.app/$(BUNDLE_EXECUTABLE_FOLDER_PATH)/SPOT";
			};
			name = Debug;
		};
		311F84F42B528D950035134F /* Release */ = {
			isa = XCBuildConfiguration;
			buildSettings = {
				ALWAYS_EMBED_SWIFT_STANDARD_LIBRARIES = YES;
				BUNDLE_LOADER = "$(TEST_HOST)";
				CODE_SIGN_STYLE = Automatic;
				CURRENT_PROJECT_VERSION = 1;
				DEVELOPMENT_TEAM = 8G43M5CX79;
				GENERATE_INFOPLIST_FILE = YES;
				IPHONEOS_DEPLOYMENT_TARGET = 17.0;
				MACOSX_DEPLOYMENT_TARGET = 14.2;
				MARKETING_VERSION = 1.0;
				PRODUCT_BUNDLE_IDENTIFIER = com.qutipia.SPOTTests;
				PRODUCT_NAME = "$(TARGET_NAME)";
				SDKROOT = auto;
				SUPPORTED_PLATFORMS = "iphoneos iphonesimulator macosx";
				SWIFT_EMIT_LOC_STRINGS = NO;
				SWIFT_VERSION = 5.0;
				TARGETED_DEVICE_FAMILY = "1,2";
				TEST_HOST = "$(BUILT_PRODUCTS_DIR)/SPOT.app/$(BUNDLE_EXECUTABLE_FOLDER_PATH)/SPOT";
			};
			name = Release;
		};
/* End XCBuildConfiguration section */

/* Begin XCConfigurationList section */
		311F84C52B528D920035134F /* Build configuration list for PBXProject "SPOT" */ = {
			isa = XCConfigurationList;
			buildConfigurations = (
				311F84ED2B528D950035134F /* Debug */,
				311F84EE2B528D950035134F /* Release */,
			);
			defaultConfigurationIsVisible = 0;
			defaultConfigurationName = Release;
		};
		311F84EF2B528D950035134F /* Build configuration list for PBXNativeTarget "SPOT" */ = {
			isa = XCConfigurationList;
			buildConfigurations = (
				311F84F02B528D950035134F /* Debug */,
				311F84F12B528D950035134F /* Release */,
			);
			defaultConfigurationIsVisible = 0;
			defaultConfigurationName = Release;
		};
		311F84F22B528D950035134F /* Build configuration list for PBXNativeTarget "SPOTTests" */ = {
			isa = XCConfigurationList;
			buildConfigurations = (
				311F84F32B528D950035134F /* Debug */,
				311F84F42B528D950035134F /* Release */,
			);
			defaultConfigurationIsVisible = 0;
			defaultConfigurationName = Release;
		};
/* End XCConfigurationList section */

/* Begin XCSwiftPackageProductDependency section */
		6911E90E2B6C75C9005F02AB /* RunningDataAccess */ = {
			isa = XCSwiftPackageProductDependency;
			productName = RunningDataAccess;
		};
		6911E9162B6CD028005F02AB /* LocationFeature */ = {
			isa = XCSwiftPackageProductDependency;
			productName = LocationFeature;
		};
		6911E9182B6CD028005F02AB /* Root */ = {
			isa = XCSwiftPackageProductDependency;
			productName = Root;
		};
		6911E91A2B70BF20005F02AB /* RunningFeature */ = {
			isa = XCSwiftPackageProductDependency;
			productName = RunningFeature;
		};
		6911E91C2B70D623005F02AB /* Usecase */ = {
			isa = XCSwiftPackageProductDependency;
			productName = Usecase;
		};
		6911E91E2B70D717005F02AB /* Controller */ = {
			isa = XCSwiftPackageProductDependency;
			productName = Controller;
		};
/* End XCSwiftPackageProductDependency section */
	};
	rootObject = 311F84C22B528D920035134F /* Project object */;
}
